
Microsoft Visual Studio Solution File, Format Version 12.00
# Visual Studio Version 16
VisualStudioVersion = 16.0.29911.84
MinimumVisualStudioVersion = 10.0.40219.1
Project("{9A19103F-16F7-4668-BE54-9A1E7A4F7556}") = "01.SortNumbers", "01.SortNumbers\01.SortNumbers.csproj", "{89FF4E21-90E6-403E-B2A6-31D8EA58C55C}"
EndProject
Project("{9A19103F-16F7-4668-BE54-9A1E7A4F7556}") = "05.Messages", "05.Messages\05.Messages.csproj", "{3D1EDAC8-9489-4627-8624-5886AE598C49}"
EndProject
Project("{9A19103F-16F7-4668-BE54-9A1E7A4F7556}") = "03.GamingStore", "03.GamingStore\03.GamingStore.csproj", "{90E23C79-AABD-419C-97B6-F09B8F53CD96}"
EndProject
Project("{FAE04EC0-301F-11D3-BF4B-00C04F79EFBC}") = "04.ReverseString", "04.ReverseString\04.ReverseString.csproj", "{7CE4AF06-CF8D-4F20-A11F-D758781F2840}"
EndProject
Global
	GlobalSection(SolutionConfigurationPlatforms) = preSolution
		Debug|Any CPU = Debug|Any CPU
		Release|Any CPU = Release|Any CPU
	EndGlobalSection
	GlobalSection(ProjectConfigurationPlatforms) = postSolution
		{89FF4E21-90E6-403E-B2A6-31D8EA58C55C}.Debug|Any CPU.ActiveCfg = Debug|Any CPU
		{89FF4E21-90E6-403E-B2A6-31D8EA58C55C}.Debug|Any CPU.Build.0 = Debug|Any CPU
		{89FF4E21-90E6-403E-B2A6-31D8EA58C55C}.Release|Any CPU.ActiveCfg = Release|Any CPU
		{89FF4E21-90E6-403E-B2A6-31D8EA58C55C}.Release|Any CPU.Build.0 = Release|Any CPU
		{3D1EDAC8-9489-4627-8624-5886AE598C49}.Debug|Any CPU.ActiveCfg = Debug|Any CPU
		{3D1EDAC8-9489-4627-8624-5886AE598C49}.Debug|Any CPU.Build.0 = Debug|Any CPU
		{3D1EDAC8-9489-4627-8624-5886AE598C49}.Release|Any CPU.ActiveCfg = Release|Any CPU
		{3D1EDAC8-9489-4627-8624-5886AE598C49}.Release|Any CPU.Build.0 = Release|Any CPU
		{90E23C79-AABD-419C-97B6-F09B8F53CD96}.Debug|Any CPU.ActiveCfg = Debug|Any CPU
		{90E23C79-AABD-419C-97B6-F09B8F53CD96}.Debug|Any CPU.Build.0 = Debug|Any CPU
		{90E23C79-AABD-419C-97B6-F09B8F53CD96}.Release|Any CPU.ActiveCfg = Release|Any CPU
		{90E23C79-AABD-419C-97B6-F09B8F53CD96}.Release|Any CPU.Build.0 = Release|Any CPU
		{7CE4AF06-CF8D-4F20-A11F-D758781F2840}.Debug|Any CPU.ActiveCfg = Debug|Any CPU
		{7CE4AF06-CF8D-4F20-A11F-D758781F2840}.Debug|Any CPU.Build.0 = Debug|Any CPU
		{7CE4AF06-CF8D-4F20-A11F-D758781F2840}.Release|Any CPU.ActiveCfg = Release|Any CPU
		{7CE4AF06-CF8D-4F20-A11F-D758781F2840}.Release|Any CPU.Build.0 = Release|Any CPU
	EndGlobalSection
	GlobalSection(SolutionProperties) = preSolution
		HideSolutionNode = FALSE
	EndGlobalSection
	GlobalSection(ExtensibilityGlobals) = postSolution
		SolutionGuid = {7A6D2237-90C9-4F31-8891-D0313F17BC94}
	EndGlobalSection
EndGlobal
