
Microsoft Visual Studio Solution File, Format Version 12.00
# Visual Studio Version 16
VisualStudioVersion = 16.0.30128.74
MinimumVisualStudioVersion = 10.0.40219.1
Project("{9A19103F-16F7-4668-BE54-9A1E7A4F7556}") = "Arrays - Exercise", "Arrays - Exercise\Arrays - Exercise.csproj", "{76C4C844-B92B-47C4-BF77-0CAE6B29759A}"
EndProject
Project("{9A19103F-16F7-4668-BE54-9A1E7A4F7556}") = "01. Train", "01. Train\01. Train.csproj", "{EB9C8A8D-E734-46EF-9E58-77374F7ED151}"
EndProject
Project("{9A19103F-16F7-4668-BE54-9A1E7A4F7556}") = "02. Common Elements", "02. Common Elements\02. Common Elements.csproj", "{4831C657-613B-4B86-B86F-24709AF81016}"
EndProject
Project("{9A19103F-16F7-4668-BE54-9A1E7A4F7556}") = "03. Zig-Zag Arrays", "03. Zig-Zag Arrays\03. Zig-Zag Arrays.csproj", "{2CE3F21C-BA03-4AB9-A413-432F541A6C00}"
EndProject
Project("{9A19103F-16F7-4668-BE54-9A1E7A4F7556}") = "04. Array Rotation", "04. Array Rotation\04. Array Rotation.csproj", "{623D9730-B717-42FB-B1B8-F1A8DFC5546B}"
EndProject
Project("{9A19103F-16F7-4668-BE54-9A1E7A4F7556}") = "05. Top Integers", "05. Top Integers\05. Top Integers.csproj", "{BB301ABF-C7F6-4631-9072-CC575A6B2E8B}"
EndProject
Project("{9A19103F-16F7-4668-BE54-9A1E7A4F7556}") = "06. Equal Sum", "06. Equal Sum\06. Equal Sum.csproj", "{A0F1AE8C-D5DB-4D2E-B233-AD6D13B8828F}"
EndProject
Project("{9A19103F-16F7-4668-BE54-9A1E7A4F7556}") = "07. Max Sequence of Equal Elements", "07. Max Sequence of Equal Elements\07. Max Sequence of Equal Elements.csproj", "{2075F78B-2CD2-40E4-8F82-38ED383585FE}"
EndProject
Project("{9A19103F-16F7-4668-BE54-9A1E7A4F7556}") = "08. Magic Sum", "08. Magic Sum\08. Magic Sum.csproj", "{AE0F6637-C80C-4E7F-91F0-61BB145D66D3}"
EndProject
Project("{9A19103F-16F7-4668-BE54-9A1E7A4F7556}") = "09. Kamino Factory", "09. Kamino Factory\09. Kamino Factory.csproj", "{EFD8CBEE-94E6-404C-B5E2-113533C2C9F4}"
EndProject
Project("{FAE04EC0-301F-11D3-BF4B-00C04F79EFBC}") = "10. LadyBugs", "10. LadyBugs\10. LadyBugs.csproj", "{3A06CAC3-068B-4146-B95A-902021C2B77A}"
EndProject
Global
	GlobalSection(SolutionConfigurationPlatforms) = preSolution
		Debug|Any CPU = Debug|Any CPU
		Release|Any CPU = Release|Any CPU
	EndGlobalSection
	GlobalSection(ProjectConfigurationPlatforms) = postSolution
		{76C4C844-B92B-47C4-BF77-0CAE6B29759A}.Debug|Any CPU.ActiveCfg = Debug|Any CPU
		{76C4C844-B92B-47C4-BF77-0CAE6B29759A}.Debug|Any CPU.Build.0 = Debug|Any CPU
		{76C4C844-B92B-47C4-BF77-0CAE6B29759A}.Release|Any CPU.ActiveCfg = Release|Any CPU
		{76C4C844-B92B-47C4-BF77-0CAE6B29759A}.Release|Any CPU.Build.0 = Release|Any CPU
		{EB9C8A8D-E734-46EF-9E58-77374F7ED151}.Debug|Any CPU.ActiveCfg = Debug|Any CPU
		{EB9C8A8D-E734-46EF-9E58-77374F7ED151}.Debug|Any CPU.Build.0 = Debug|Any CPU
		{EB9C8A8D-E734-46EF-9E58-77374F7ED151}.Release|Any CPU.ActiveCfg = Release|Any CPU
		{EB9C8A8D-E734-46EF-9E58-77374F7ED151}.Release|Any CPU.Build.0 = Release|Any CPU
		{4831C657-613B-4B86-B86F-24709AF81016}.Debug|Any CPU.ActiveCfg = Debug|Any CPU
		{4831C657-613B-4B86-B86F-24709AF81016}.Debug|Any CPU.Build.0 = Debug|Any CPU
		{4831C657-613B-4B86-B86F-24709AF81016}.Release|Any CPU.ActiveCfg = Release|Any CPU
		{4831C657-613B-4B86-B86F-24709AF81016}.Release|Any CPU.Build.0 = Release|Any CPU
		{2CE3F21C-BA03-4AB9-A413-432F541A6C00}.Debug|Any CPU.ActiveCfg = Debug|Any CPU
		{2CE3F21C-BA03-4AB9-A413-432F541A6C00}.Debug|Any CPU.Build.0 = Debug|Any CPU
		{2CE3F21C-BA03-4AB9-A413-432F541A6C00}.Release|Any CPU.ActiveCfg = Release|Any CPU
		{2CE3F21C-BA03-4AB9-A413-432F541A6C00}.Release|Any CPU.Build.0 = Release|Any CPU
		{623D9730-B717-42FB-B1B8-F1A8DFC5546B}.Debug|Any CPU.ActiveCfg = Debug|Any CPU
		{623D9730-B717-42FB-B1B8-F1A8DFC5546B}.Debug|Any CPU.Build.0 = Debug|Any CPU
		{623D9730-B717-42FB-B1B8-F1A8DFC5546B}.Release|Any CPU.ActiveCfg = Release|Any CPU
		{623D9730-B717-42FB-B1B8-F1A8DFC5546B}.Release|Any CPU.Build.0 = Release|Any CPU
		{BB301ABF-C7F6-4631-9072-CC575A6B2E8B}.Debug|Any CPU.ActiveCfg = Debug|Any CPU
		{BB301ABF-C7F6-4631-9072-CC575A6B2E8B}.Debug|Any CPU.Build.0 = Debug|Any CPU
		{BB301ABF-C7F6-4631-9072-CC575A6B2E8B}.Release|Any CPU.ActiveCfg = Release|Any CPU
		{BB301ABF-C7F6-4631-9072-CC575A6B2E8B}.Release|Any CPU.Build.0 = Release|Any CPU
		{A0F1AE8C-D5DB-4D2E-B233-AD6D13B8828F}.Debug|Any CPU.ActiveCfg = Debug|Any CPU
		{A0F1AE8C-D5DB-4D2E-B233-AD6D13B8828F}.Debug|Any CPU.Build.0 = Debug|Any CPU
		{A0F1AE8C-D5DB-4D2E-B233-AD6D13B8828F}.Release|Any CPU.ActiveCfg = Release|Any CPU
		{A0F1AE8C-D5DB-4D2E-B233-AD6D13B8828F}.Release|Any CPU.Build.0 = Release|Any CPU
		{2075F78B-2CD2-40E4-8F82-38ED383585FE}.Debug|Any CPU.ActiveCfg = Debug|Any CPU
		{2075F78B-2CD2-40E4-8F82-38ED383585FE}.Debug|Any CPU.Build.0 = Debug|Any CPU
		{2075F78B-2CD2-40E4-8F82-38ED383585FE}.Release|Any CPU.ActiveCfg = Release|Any CPU
		{2075F78B-2CD2-40E4-8F82-38ED383585FE}.Release|Any CPU.Build.0 = Release|Any CPU
		{AE0F6637-C80C-4E7F-91F0-61BB145D66D3}.Debug|Any CPU.ActiveCfg = Debug|Any CPU
		{AE0F6637-C80C-4E7F-91F0-61BB145D66D3}.Debug|Any CPU.Build.0 = Debug|Any CPU
		{AE0F6637-C80C-4E7F-91F0-61BB145D66D3}.Release|Any CPU.ActiveCfg = Release|Any CPU
		{AE0F6637-C80C-4E7F-91F0-61BB145D66D3}.Release|Any CPU.Build.0 = Release|Any CPU
		{EFD8CBEE-94E6-404C-B5E2-113533C2C9F4}.Debug|Any CPU.ActiveCfg = Debug|Any CPU
		{EFD8CBEE-94E6-404C-B5E2-113533C2C9F4}.Debug|Any CPU.Build.0 = Debug|Any CPU
		{EFD8CBEE-94E6-404C-B5E2-113533C2C9F4}.Release|Any CPU.ActiveCfg = Release|Any CPU
		{EFD8CBEE-94E6-404C-B5E2-113533C2C9F4}.Release|Any CPU.Build.0 = Release|Any CPU
		{3A06CAC3-068B-4146-B95A-902021C2B77A}.Debug|Any CPU.ActiveCfg = Debug|Any CPU
		{3A06CAC3-068B-4146-B95A-902021C2B77A}.Debug|Any CPU.Build.0 = Debug|Any CPU
		{3A06CAC3-068B-4146-B95A-902021C2B77A}.Release|Any CPU.ActiveCfg = Release|Any CPU
		{3A06CAC3-068B-4146-B95A-902021C2B77A}.Release|Any CPU.Build.0 = Release|Any CPU
	EndGlobalSection
	GlobalSection(SolutionProperties) = preSolution
		HideSolutionNode = FALSE
	EndGlobalSection
	GlobalSection(ExtensibilityGlobals) = postSolution
		SolutionGuid = {6108000C-1DBC-430D-818F-A824CBA53360}
	EndGlobalSection
EndGlobal
