
Microsoft Visual Studio Solution File, Format Version 12.00
# Visual Studio Version 16
VisualStudioVersion = 16.0.30225.117
MinimumVisualStudioVersion = 10.0.40219.1
Project("{FAE04EC0-301F-11D3-BF4B-00C04F79EFBC}") = "Problem Solving", "Problem Solving\Problem Solving.csproj", "{01012140-3C2C-4B2D-B61A-7B956E21B876}"
EndProject
Project("{FAE04EC0-301F-11D3-BF4B-00C04F79EFBC}") = "Einstein's Riddle", "Einstein's Riddle\Einstein's Riddle.csproj", "{D5B45B05-CFA8-4E83-9808-3C4F716CC6BF}"
EndProject
Global
	GlobalSection(SolutionConfigurationPlatforms) = preSolution
		Debug|Any CPU = Debug|Any CPU
		Release|Any CPU = Release|Any CPU
	EndGlobalSection
	GlobalSection(ProjectConfigurationPlatforms) = postSolution
		{01012140-3C2C-4B2D-B61A-7B956E21B876}.Debug|Any CPU.ActiveCfg = Debug|Any CPU
		{01012140-3C2C-4B2D-B61A-7B956E21B876}.Debug|Any CPU.Build.0 = Debug|Any CPU
		{01012140-3C2C-4B2D-B61A-7B956E21B876}.Release|Any CPU.ActiveCfg = Release|Any CPU
		{01012140-3C2C-4B2D-B61A-7B956E21B876}.Release|Any CPU.Build.0 = Release|Any CPU
		{D5B45B05-CFA8-4E83-9808-3C4F716CC6BF}.Debug|Any CPU.ActiveCfg = Debug|Any CPU
		{D5B45B05-CFA8-4E83-9808-3C4F716CC6BF}.Debug|Any CPU.Build.0 = Debug|Any CPU
		{D5B45B05-CFA8-4E83-9808-3C4F716CC6BF}.Release|Any CPU.ActiveCfg = Release|Any CPU
		{D5B45B05-CFA8-4E83-9808-3C4F716CC6BF}.Release|Any CPU.Build.0 = Release|Any CPU
	EndGlobalSection
	GlobalSection(SolutionProperties) = preSolution
		HideSolutionNode = FALSE
	EndGlobalSection
	GlobalSection(ExtensibilityGlobals) = postSolution
		SolutionGuid = {225C1D2F-D3CB-406E-9182-BE75369B7A37}
	EndGlobalSection
EndGlobal
