
Microsoft Visual Studio Solution File, Format Version 12.00
# Visual Studio Version 16
VisualStudioVersion = 16.0.30114.105
MinimumVisualStudioVersion = 10.0.40219.1
Project("{9A19103F-16F7-4668-BE54-9A1E7A4F7556}") = "Data Types and Variables - More Exercise", "Data Types and Variables - More Exercise\Data Types and Variables - More Exercise.csproj", "{3B8679E2-B6D5-4EC1-A5BB-CAC50032C4D8}"
EndProject
Project("{9A19103F-16F7-4668-BE54-9A1E7A4F7556}") = "01. Data Type Finder", "01. Data Type Finder\01. Data Type Finder.csproj", "{0C93731D-92CD-4C4F-91F5-36C8FFD01D2F}"
EndProject
Project("{9A19103F-16F7-4668-BE54-9A1E7A4F7556}") = "04. Refactoring Prime Checker", "04. Refactoring Prime Checker\04. Refactoring Prime Checker.csproj", "{3B248677-E24B-4B1B-AD08-1553BEE1F603}"
EndProject
Project("{9A19103F-16F7-4668-BE54-9A1E7A4F7556}") = "05. Decrypting Message", "05. Decrypting Message\05. Decrypting Message.csproj", "{355D3D94-19AD-4EC0-9218-6F857B5B8623}"
EndProject
Project("{9A19103F-16F7-4668-BE54-9A1E7A4F7556}") = "06. Balanced Brackets", "06. Balanced Brackets\06. Balanced Brackets.csproj", "{CEA9BCD6-2E5C-4B2C-914A-8AB1AF03DFDE}"
EndProject
Project("{FAE04EC0-301F-11D3-BF4B-00C04F79EFBC}") = "02. From Left to The Right", "02. From Left to The Right\02. From Left to The Right.csproj", "{2DE1A9B6-7382-4BFB-91CD-E11B9D832BA7}"
EndProject
Project("{FAE04EC0-301F-11D3-BF4B-00C04F79EFBC}") = "03. Floating Equality", "03. Floating Equality\03. Floating Equality.csproj", "{7CA62479-AA92-4F87-84A3-CC546C722C6F}"
EndProject
Global
	GlobalSection(SolutionConfigurationPlatforms) = preSolution
		Debug|Any CPU = Debug|Any CPU
		Release|Any CPU = Release|Any CPU
	EndGlobalSection
	GlobalSection(ProjectConfigurationPlatforms) = postSolution
		{3B8679E2-B6D5-4EC1-A5BB-CAC50032C4D8}.Debug|Any CPU.ActiveCfg = Debug|Any CPU
		{3B8679E2-B6D5-4EC1-A5BB-CAC50032C4D8}.Debug|Any CPU.Build.0 = Debug|Any CPU
		{3B8679E2-B6D5-4EC1-A5BB-CAC50032C4D8}.Release|Any CPU.ActiveCfg = Release|Any CPU
		{3B8679E2-B6D5-4EC1-A5BB-CAC50032C4D8}.Release|Any CPU.Build.0 = Release|Any CPU
		{0C93731D-92CD-4C4F-91F5-36C8FFD01D2F}.Debug|Any CPU.ActiveCfg = Debug|Any CPU
		{0C93731D-92CD-4C4F-91F5-36C8FFD01D2F}.Debug|Any CPU.Build.0 = Debug|Any CPU
		{0C93731D-92CD-4C4F-91F5-36C8FFD01D2F}.Release|Any CPU.ActiveCfg = Release|Any CPU
		{0C93731D-92CD-4C4F-91F5-36C8FFD01D2F}.Release|Any CPU.Build.0 = Release|Any CPU
		{3B248677-E24B-4B1B-AD08-1553BEE1F603}.Debug|Any CPU.ActiveCfg = Debug|Any CPU
		{3B248677-E24B-4B1B-AD08-1553BEE1F603}.Debug|Any CPU.Build.0 = Debug|Any CPU
		{3B248677-E24B-4B1B-AD08-1553BEE1F603}.Release|Any CPU.ActiveCfg = Release|Any CPU
		{3B248677-E24B-4B1B-AD08-1553BEE1F603}.Release|Any CPU.Build.0 = Release|Any CPU
		{355D3D94-19AD-4EC0-9218-6F857B5B8623}.Debug|Any CPU.ActiveCfg = Debug|Any CPU
		{355D3D94-19AD-4EC0-9218-6F857B5B8623}.Debug|Any CPU.Build.0 = Debug|Any CPU
		{355D3D94-19AD-4EC0-9218-6F857B5B8623}.Release|Any CPU.ActiveCfg = Release|Any CPU
		{355D3D94-19AD-4EC0-9218-6F857B5B8623}.Release|Any CPU.Build.0 = Release|Any CPU
		{CEA9BCD6-2E5C-4B2C-914A-8AB1AF03DFDE}.Debug|Any CPU.ActiveCfg = Debug|Any CPU
		{CEA9BCD6-2E5C-4B2C-914A-8AB1AF03DFDE}.Debug|Any CPU.Build.0 = Debug|Any CPU
		{CEA9BCD6-2E5C-4B2C-914A-8AB1AF03DFDE}.Release|Any CPU.ActiveCfg = Release|Any CPU
		{CEA9BCD6-2E5C-4B2C-914A-8AB1AF03DFDE}.Release|Any CPU.Build.0 = Release|Any CPU
		{2DE1A9B6-7382-4BFB-91CD-E11B9D832BA7}.Debug|Any CPU.ActiveCfg = Debug|Any CPU
		{2DE1A9B6-7382-4BFB-91CD-E11B9D832BA7}.Debug|Any CPU.Build.0 = Debug|Any CPU
		{2DE1A9B6-7382-4BFB-91CD-E11B9D832BA7}.Release|Any CPU.ActiveCfg = Release|Any CPU
		{2DE1A9B6-7382-4BFB-91CD-E11B9D832BA7}.Release|Any CPU.Build.0 = Release|Any CPU
		{7CA62479-AA92-4F87-84A3-CC546C722C6F}.Debug|Any CPU.ActiveCfg = Debug|Any CPU
		{7CA62479-AA92-4F87-84A3-CC546C722C6F}.Debug|Any CPU.Build.0 = Debug|Any CPU
		{7CA62479-AA92-4F87-84A3-CC546C722C6F}.Release|Any CPU.ActiveCfg = Release|Any CPU
		{7CA62479-AA92-4F87-84A3-CC546C722C6F}.Release|Any CPU.Build.0 = Release|Any CPU
	EndGlobalSection
	GlobalSection(SolutionProperties) = preSolution
		HideSolutionNode = FALSE
	EndGlobalSection
	GlobalSection(ExtensibilityGlobals) = postSolution
		SolutionGuid = {94F36FBE-A666-4BCD-A47E-6A89DD2BD213}
	EndGlobalSection
EndGlobal
