
Microsoft Visual Studio Solution File, Format Version 12.00
# Visual Studio Version 16
VisualStudioVersion = 16.0.30320.27
MinimumVisualStudioVersion = 10.0.40219.1
Project("{FAE04EC0-301F-11D3-BF4B-00C04F79EFBC}") = "Text Processing - More Exercise", "Text Processing - More Exercise\Text Processing - More Exercise.csproj", "{63A8ABF3-0E4D-449E-BFA4-DE17B723CBC0}"
EndProject
Project("{FAE04EC0-301F-11D3-BF4B-00C04F79EFBC}") = "01. Extract Person Information", "01. Extract Person Information\01. Extract Person Information.csproj", "{C025E60E-7699-43F9-9693-516BAF0FFFC1}"
EndProject
Global
	GlobalSection(SolutionConfigurationPlatforms) = preSolution
		Debug|Any CPU = Debug|Any CPU
		Release|Any CPU = Release|Any CPU
	EndGlobalSection
	GlobalSection(ProjectConfigurationPlatforms) = postSolution
		{63A8ABF3-0E4D-449E-BFA4-DE17B723CBC0}.Debug|Any CPU.ActiveCfg = Debug|Any CPU
		{63A8ABF3-0E4D-449E-BFA4-DE17B723CBC0}.Debug|Any CPU.Build.0 = Debug|Any CPU
		{63A8ABF3-0E4D-449E-BFA4-DE17B723CBC0}.Release|Any CPU.ActiveCfg = Release|Any CPU
		{63A8ABF3-0E4D-449E-BFA4-DE17B723CBC0}.Release|Any CPU.Build.0 = Release|Any CPU
		{C025E60E-7699-43F9-9693-516BAF0FFFC1}.Debug|Any CPU.ActiveCfg = Debug|Any CPU
		{C025E60E-7699-43F9-9693-516BAF0FFFC1}.Debug|Any CPU.Build.0 = Debug|Any CPU
		{C025E60E-7699-43F9-9693-516BAF0FFFC1}.Release|Any CPU.ActiveCfg = Release|Any CPU
		{C025E60E-7699-43F9-9693-516BAF0FFFC1}.Release|Any CPU.Build.0 = Release|Any CPU
	EndGlobalSection
	GlobalSection(SolutionProperties) = preSolution
		HideSolutionNode = FALSE
	EndGlobalSection
	GlobalSection(ExtensibilityGlobals) = postSolution
		SolutionGuid = {8703E3E9-DF2B-4E1F-8623-3B193F2087F4}
	EndGlobalSection
EndGlobal
